// !$*UTF8*$!
{
	archiveVersion = 1;
	classes = {
	};
	objectVersion = 50;
	objects = {

/* Begin PBXBuildFile section */
		5BBA58C322B8731500F1A743 /* AppDelegate.swift in Sources */ = {isa = PBXBuildFile; fileRef = 5BBA58C222B8731500F1A743 /* AppDelegate.swift */; };
		5BBA58C522B8731500F1A743 /* ViewController.swift in Sources */ = {isa = PBXBuildFile; fileRef = 5BBA58C422B8731500F1A743 /* ViewController.swift */; };
		5BBA58C822B8731500F1A743 /* Main.storyboard in Resources */ = {isa = PBXBuildFile; fileRef = 5BBA58C622B8731500F1A743 /* Main.storyboard */; };
		5BBA58CB22B8731500F1A743 /* CardWallet.xcdatamodeld in Sources */ = {isa = PBXBuildFile; fileRef = 5BBA58C922B8731500F1A743 /* CardWallet.xcdatamodeld */; };
		5BBA58CD22B8731700F1A743 /* Assets.xcassets in Resources */ = {isa = PBXBuildFile; fileRef = 5BBA58CC22B8731700F1A743 /* Assets.xcassets */; };
		5BBA58D022B8731700F1A743 /* LaunchScreen.storyboard in Resources */ = {isa = PBXBuildFile; fileRef = 5BBA58CE22B8731700F1A743 /* LaunchScreen.storyboard */; };
		5BBA58DB22B8731700F1A743 /* CardWalletTests.swift in Sources */ = {isa = PBXBuildFile; fileRef = 5BBA58DA22B8731700F1A743 /* CardWalletTests.swift */; };
		5BBA58E622B8731700F1A743 /* CardWalletUITests.swift in Sources */ = {isa = PBXBuildFile; fileRef = 5BBA58E522B8731700F1A743 /* CardWalletUITests.swift */; };
/* End PBXBuildFile section */

/* Begin PBXContainerItemProxy section */
		5BBA58D722B8731700F1A743 /* PBXContainerItemProxy */ = {
			isa = PBXContainerItemProxy;
			containerPortal = 5BBA58B722B8731500F1A743 /* Project object */;
			proxyType = 1;
			remoteGlobalIDString = 5BBA58BE22B8731500F1A743;
			remoteInfo = CardWallet;
		};
		5BBA58E222B8731700F1A743 /* PBXContainerItemProxy */ = {
			isa = PBXContainerItemProxy;
			containerPortal = 5BBA58B722B8731500F1A743 /* Project object */;
			proxyType = 1;
			remoteGlobalIDString = 5BBA58BE22B8731500F1A743;
			remoteInfo = CardWallet;
		};
/* End PBXContainerItemProxy section */

/* Begin PBXFileReference section */
		5BBA58BF22B8731500F1A743 /* CardWallet.app */ = {isa = PBXFileReference; explicitFileType = wrapper.application; includeInIndex = 0; path = CardWallet.app; sourceTree = BUILT_PRODUCTS_DIR; };
		5BBA58C222B8731500F1A743 /* AppDelegate.swift */ = {isa = PBXFileReference; lastKnownFileType = sourcecode.swift; path = AppDelegate.swift; sourceTree = "<group>"; };
		5BBA58C422B8731500F1A743 /* ViewController.swift */ = {isa = PBXFileReference; lastKnownFileType = sourcecode.swift; path = ViewController.swift; sourceTree = "<group>"; };
		5BBA58C722B8731500F1A743 /* Base */ = {isa = PBXFileReference; lastKnownFileType = file.storyboard; name = Base; path = Base.lproj/Main.storyboard; sourceTree = "<group>"; };
		5BBA58CA22B8731500F1A743 /* CardWallet.xcdatamodel */ = {isa = PBXFileReference; lastKnownFileType = wrapper.xcdatamodel; path = CardWallet.xcdatamodel; sourceTree = "<group>"; };
		5BBA58CC22B8731700F1A743 /* Assets.xcassets */ = {isa = PBXFileReference; lastKnownFileType = folder.assetcatalog; path = Assets.xcassets; sourceTree = "<group>"; };
		5BBA58CF22B8731700F1A743 /* Base */ = {isa = PBXFileReference; lastKnownFileType = file.storyboard; name = Base; path = Base.lproj/LaunchScreen.storyboard; sourceTree = "<group>"; };
		5BBA58D122B8731700F1A743 /* Info.plist */ = {isa = PBXFileReference; lastKnownFileType = text.plist.xml; path = Info.plist; sourceTree = "<group>"; };
		5BBA58D622B8731700F1A743 /* CardWalletTests.xctest */ = {isa = PBXFileReference; explicitFileType = wrapper.cfbundle; includeInIndex = 0; path = CardWalletTests.xctest; sourceTree = BUILT_PRODUCTS_DIR; };
		5BBA58DA22B8731700F1A743 /* CardWalletTests.swift */ = {isa = PBXFileReference; lastKnownFileType = sourcecode.swift; path = CardWalletTests.swift; sourceTree = "<group>"; };
		5BBA58DC22B8731700F1A743 /* Info.plist */ = {isa = PBXFileReference; lastKnownFileType = text.plist.xml; path = Info.plist; sourceTree = "<group>"; };
		5BBA58E122B8731700F1A743 /* CardWalletUITests.xctest */ = {isa = PBXFileReference; explicitFileType = wrapper.cfbundle; includeInIndex = 0; path = CardWalletUITests.xctest; sourceTree = BUILT_PRODUCTS_DIR; };
		5BBA58E522B8731700F1A743 /* CardWalletUITests.swift */ = {isa = PBXFileReference; lastKnownFileType = sourcecode.swift; path = CardWalletUITests.swift; sourceTree = "<group>"; };
		5BBA58E722B8731700F1A743 /* Info.plist */ = {isa = PBXFileReference; lastKnownFileType = text.plist.xml; path = Info.plist; sourceTree = "<group>"; };
/* End PBXFileReference section */

/* Begin PBXFrameworksBuildPhase section */
		5BBA58BC22B8731500F1A743 /* Frameworks */ = {
			isa = PBXFrameworksBuildPhase;
			buildActionMask = 2147483647;
			files = (
			);
			runOnlyForDeploymentPostprocessing = 0;
		};
		5BBA58D322B8731700F1A743 /* Frameworks */ = {
			isa = PBXFrameworksBuildPhase;
			buildActionMask = 2147483647;
			files = (
			);
			runOnlyForDeploymentPostprocessing = 0;
		};
		5BBA58DE22B8731700F1A743 /* Frameworks */ = {
			isa = PBXFrameworksBuildPhase;
			buildActionMask = 2147483647;
			files = (
			);
			runOnlyForDeploymentPostprocessing = 0;
		};
/* End PBXFrameworksBuildPhase section */

/* Begin PBXGroup section */
		5BBA58B622B8731500F1A743 = {
			isa = PBXGroup;
			children = (
				5BBA58C122B8731500F1A743 /* CardWallet */,
				5BBA58D922B8731700F1A743 /* CardWalletTests */,
				5BBA58E422B8731700F1A743 /* CardWalletUITests */,
				5BBA58C022B8731500F1A743 /* Products */,
			);
			sourceTree = "<group>";
		};
		5BBA58C022B8731500F1A743 /* Products */ = {
			isa = PBXGroup;
			children = (
				5BBA58BF22B8731500F1A743 /* CardWallet.app */,
				5BBA58D622B8731700F1A743 /* CardWalletTests.xctest */,
				5BBA58E122B8731700F1A743 /* CardWalletUITests.xctest */,
			);
			name = Products;
			sourceTree = "<group>";
		};
		5BBA58C122B8731500F1A743 /* CardWallet */ = {
			isa = PBXGroup;
			children = (
				5BBA58C222B8731500F1A743 /* AppDelegate.swift */,
				5BBA58C422B8731500F1A743 /* ViewController.swift */,
				5BBA58C622B8731500F1A743 /* Main.storyboard */,
				5BBA58CC22B8731700F1A743 /* Assets.xcassets */,
				5BBA58CE22B8731700F1A743 /* LaunchScreen.storyboard */,
				5BBA58D122B8731700F1A743 /* Info.plist */,
				5BBA58C922B8731500F1A743 /* CardWallet.xcdatamodeld */,
			);
			path = CardWallet;
			sourceTree = "<group>";
		};
		5BBA58D922B8731700F1A743 /* CardWalletTests */ = {
			isa = PBXGroup;
			children = (
				5BBA58DA22B8731700F1A743 /* CardWalletTests.swift */,
				5BBA58DC22B8731700F1A743 /* Info.plist */,
			);
			path = CardWalletTests;
			sourceTree = "<group>";
		};
		5BBA58E422B8731700F1A743 /* CardWalletUITests */ = {
			isa = PBXGroup;
			children = (
				5BBA58E522B8731700F1A743 /* CardWalletUITests.swift */,
				5BBA58E722B8731700F1A743 /* Info.plist */,
			);
			path = CardWalletUITests;
			sourceTree = "<group>";
		};
/* End PBXGroup section */

/* Begin PBXNativeTarget section */
		5BBA58BE22B8731500F1A743 /* CardWallet */ = {
			isa = PBXNativeTarget;
			buildConfigurationList = 5BBA58EA22B8731700F1A743 /* Build configuration list for PBXNativeTarget "CardWallet" */;
			buildPhases = (
				5BBA58BB22B8731500F1A743 /* Sources */,
				5BBA58BC22B8731500F1A743 /* Frameworks */,
				5BBA58BD22B8731500F1A743 /* Resources */,
			);
			buildRules = (
			);
			dependencies = (
			);
			name = CardWallet;
			productName = CardWallet;
			productReference = 5BBA58BF22B8731500F1A743 /* CardWallet.app */;
			productType = "com.apple.product-type.application";
		};
		5BBA58D522B8731700F1A743 /* CardWalletTests */ = {
			isa = PBXNativeTarget;
			buildConfigurationList = 5BBA58ED22B8731700F1A743 /* Build configuration list for PBXNativeTarget "CardWalletTests" */;
			buildPhases = (
				5BBA58D222B8731700F1A743 /* Sources */,
				5BBA58D322B8731700F1A743 /* Frameworks */,
				5BBA58D422B8731700F1A743 /* Resources */,
			);
			buildRules = (
			);
			dependencies = (
				5BBA58D822B8731700F1A743 /* PBXTargetDependency */,
			);
			name = CardWalletTests;
			productName = CardWalletTests;
			productReference = 5BBA58D622B8731700F1A743 /* CardWalletTests.xctest */;
			productType = "com.apple.product-type.bundle.unit-test";
		};
		5BBA58E022B8731700F1A743 /* CardWalletUITests */ = {
			isa = PBXNativeTarget;
			buildConfigurationList = 5BBA58F022B8731700F1A743 /* Build configuration list for PBXNativeTarget "CardWalletUITests" */;
			buildPhases = (
				5BBA58DD22B8731700F1A743 /* Sources */,
				5BBA58DE22B8731700F1A743 /* Frameworks */,
				5BBA58DF22B8731700F1A743 /* Resources */,
			);
			buildRules = (
			);
			dependencies = (
				5BBA58E322B8731700F1A743 /* PBXTargetDependency */,
			);
			name = CardWalletUITests;
			productName = CardWalletUITests;
			productReference = 5BBA58E122B8731700F1A743 /* CardWalletUITests.xctest */;
			productType = "com.apple.product-type.bundle.ui-testing";
		};
/* End PBXNativeTarget section */

/* Begin PBXProject section */
		5BBA58B722B8731500F1A743 /* Project object */ = {
			isa = PBXProject;
			attributes = {
				LastSwiftUpdateCheck = 1020;
				LastUpgradeCheck = 1020;
				ORGANIZATIONNAME = huangrui;
				TargetAttributes = {
					5BBA58BE22B8731500F1A743 = {
						CreatedOnToolsVersion = 10.2.1;
					};
					5BBA58D522B8731700F1A743 = {
						CreatedOnToolsVersion = 10.2.1;
						TestTargetID = 5BBA58BE22B8731500F1A743;
					};
					5BBA58E022B8731700F1A743 = {
						CreatedOnToolsVersion = 10.2.1;
						TestTargetID = 5BBA58BE22B8731500F1A743;
					};
				};
			};
			buildConfigurationList = 5BBA58BA22B8731500F1A743 /* Build configuration list for PBXProject "CardWallet" */;
			compatibilityVersion = "Xcode 9.3";
			developmentRegion = en;
			hasScannedForEncodings = 0;
			knownRegions = (
				en,
				Base,
			);
			mainGroup = 5BBA58B622B8731500F1A743;
			productRefGroup = 5BBA58C022B8731500F1A743 /* Products */;
			projectDirPath = "";
			projectRoot = "";
			targets = (
				5BBA58BE22B8731500F1A743 /* CardWallet */,
				5BBA58D522B8731700F1A743 /* CardWalletTests */,
				5BBA58E022B8731700F1A743 /* CardWalletUITests */,
			);
		};
/* End PBXProject section */

/* Begin PBXResourcesBuildPhase section */
		5BBA58BD22B8731500F1A743 /* Resources */ = {
			isa = PBXResourcesBuildPhase;
			buildActionMask = 2147483647;
			files = (
				5BBA58D022B8731700F1A743 /* LaunchScreen.storyboard in Resources */,
				5BBA58CD22B8731700F1A743 /* Assets.xcassets in Resources */,
				5BBA58C822B8731500F1A743 /* Main.storyboard in Resources */,
			);
			runOnlyForDeploymentPostprocessing = 0;
		};
		5BBA58D422B8731700F1A743 /* Resources */ = {
			isa = PBXResourcesBuildPhase;
			buildActionMask = 2147483647;
			files = (
			);
			runOnlyForDeploymentPostprocessing = 0;
		};
		5BBA58DF22B8731700F1A743 /* Resources */ = {
			isa = PBXResourcesBuildPhase;
			buildActionMask = 2147483647;
			files = (
			);
			runOnlyForDeploymentPostprocessing = 0;
		};
/* End PBXResourcesBuildPhase section */

/* Begin PBXSourcesBuildPhase section */
		5BBA58BB22B8731500F1A743 /* Sources */ = {
			isa = PBXSourcesBuildPhase;
			buildActionMask = 2147483647;
			files = (
				5BBA58C522B8731500F1A743 /* ViewController.swift in Sources */,
				5BBA58C322B8731500F1A743 /* AppDelegate.swift in Sources */,
				5BBA58CB22B8731500F1A743 /* CardWallet.xcdatamodeld in Sources */,
			);
			runOnlyForDeploymentPostprocessing = 0;
		};
		5BBA58D222B8731700F1A743 /* Sources */ = {
			isa = PBXSourcesBuildPhase;
			buildActionMask = 2147483647;
			files = (
				5BBA58DB22B8731700F1A743 /* CardWalletTests.swift in Sources */,
			);
			runOnlyForDeploymentPostprocessing = 0;
		};
		5BBA58DD22B8731700F1A743 /* Sources */ = {
			isa = PBXSourcesBuildPhase;
			buildActionMask = 2147483647;
			files = (
				5BBA58E622B8731700F1A743 /* CardWalletUITests.swift in Sources */,
			);
			runOnlyForDeploymentPostprocessing = 0;
		};
/* End PBXSourcesBuildPhase section */

/* Begin PBXTargetDependency section */
		5BBA58D822B8731700F1A743 /* PBXTargetDependency */ = {
			isa = PBXTargetDependency;
			target = 5BBA58BE22B8731500F1A743 /* CardWallet */;
			targetProxy = 5BBA58D722B8731700F1A743 /* PBXContainerItemProxy */;
		};
		5BBA58E322B8731700F1A743 /* PBXTargetDependency */ = {
			isa = PBXTargetDependency;
			target = 5BBA58BE22B8731500F1A743 /* CardWallet */;
			targetProxy = 5BBA58E222B8731700F1A743 /* PBXContainerItemProxy */;
		};
/* End PBXTargetDependency section */

/* Begin PBXVariantGroup section */
		5BBA58C622B8731500F1A743 /* Main.storyboard */ = {
			isa = PBXVariantGroup;
			children = (
				5BBA58C722B8731500F1A743 /* Base */,
			);
			name = Main.storyboard;
			sourceTree = "<group>";
		};
		5BBA58CE22B8731700F1A743 /* LaunchScreen.storyboard */ = {
			isa = PBXVariantGroup;
			children = (
				5BBA58CF22B8731700F1A743 /* Base */,
			);
			name = LaunchScreen.storyboard;
			sourceTree = "<group>";
		};
/* End PBXVariantGroup section */

/* Begin XCBuildConfiguration section */
		5BBA58E822B8731700F1A743 /* Debug */ = {
			isa = XCBuildConfiguration;
			buildSettings = {
				ALWAYS_SEARCH_USER_PATHS = NO;
				CLANG_ANALYZER_NONNULL = YES;
				CLANG_ANALYZER_NUMBER_OBJECT_CONVERSION = YES_AGGRESSIVE;
				CLANG_CXX_LANGUAGE_STANDARD = "gnu++14";
				CLANG_CXX_LIBRARY = "libc++";
				CLANG_ENABLE_MODULES = YES;
				CLANG_ENABLE_OBJC_ARC = YES;
				CLANG_ENABLE_OBJC_WEAK = YES;
				CLANG_WARN_BLOCK_CAPTURE_AUTORELEASING = YES;
				CLANG_WARN_BOOL_CONVERSION = YES;
				CLANG_WARN_COMMA = YES;
				CLANG_WARN_CONSTANT_CONVERSION = YES;
				CLANG_WARN_DEPRECATED_OBJC_IMPLEMENTATIONS = YES;
				CLANG_WARN_DIRECT_OBJC_ISA_USAGE = YES_ERROR;
				CLANG_WARN_DOCUMENTATION_COMMENTS = YES;
				CLANG_WARN_EMPTY_BODY = YES;
				CLANG_WARN_ENUM_CONVERSION = YES;
				CLANG_WARN_INFINITE_RECURSION = YES;
				CLANG_WARN_INT_CONVERSION = YES;
				CLANG_WARN_NON_LITERAL_NULL_CONVERSION = YES;
				CLANG_WARN_OBJC_IMPLICIT_RETAIN_SELF = YES;
				CLANG_WARN_OBJC_LITERAL_CONVERSION = YES;
				CLANG_WARN_OBJC_ROOT_CLASS = YES_ERROR;
				CLANG_WARN_RANGE_LOOP_ANALYSIS = YES;
				CLANG_WARN_STRICT_PROTOTYPES = YES;
				CLANG_WARN_SUSPICIOUS_MOVE = YES;
				CLANG_WARN_UNGUARDED_AVAILABILITY = YES_AGGRESSIVE;
				CLANG_WARN_UNREACHABLE_CODE = YES;
				CLANG_WARN__DUPLICATE_METHOD_MATCH = YES;
				CODE_SIGN_IDENTITY = "iPhone Developer";
				COPY_PHASE_STRIP = NO;
				DEBUG_INFORMATION_FORMAT = dwarf;
				ENABLE_STRICT_OBJC_MSGSEND = YES;
				ENABLE_TESTABILITY = YES;
				GCC_C_LANGUAGE_STANDARD = gnu11;
				GCC_DYNAMIC_NO_PIC = NO;
				GCC_NO_COMMON_BLOCKS = YES;
				GCC_OPTIMIZATION_LEVEL = 0;
				GCC_PREPROCESSOR_DEFINITIONS = (
					"DEBUG=1",
					"$(inherited)",
				);
				GCC_WARN_64_TO_32_BIT_CONVERSION = YES;
				GCC_WARN_ABOUT_RETURN_TYPE = YES_ERROR;
				GCC_WARN_UNDECLARED_SELECTOR = YES;
				GCC_WARN_UNINITIALIZED_AUTOS = YES_AGGRESSIVE;
				GCC_WARN_UNUSED_FUNCTION = YES;
				GCC_WARN_UNUSED_VARIABLE = YES;
				IPHONEOS_DEPLOYMENT_TARGET = 12.2;
				MTL_ENABLE_DEBUG_INFO = INCLUDE_SOURCE;
				MTL_FAST_MATH = YES;
				ONLY_ACTIVE_ARCH = YES;
				SDKROOT = iphoneos;
				SWIFT_ACTIVE_COMPILATION_CONDITIONS = DEBUG;
				SWIFT_OPTIMIZATION_LEVEL = "-Onone";
			};
			name = Debug;
		};
		5BBA58E922B8731700F1A743 /* Release */ = {
			isa = XCBuildConfiguration;
			buildSettings = {
				ALWAYS_SEARCH_USER_PATHS = NO;
				CLANG_ANALYZER_NONNULL = YES;
				CLANG_ANALYZER_NUMBER_OBJECT_CONVERSION = YES_AGGRESSIVE;
				CLANG_CXX_LANGUAGE_STANDARD = "gnu++14";
				CLANG_CXX_LIBRARY = "libc++";
				CLANG_ENABLE_MODULES = YES;
				CLANG_ENABLE_OBJC_ARC = YES;
				CLANG_ENABLE_OBJC_WEAK = YES;
				CLANG_WARN_BLOCK_CAPTURE_AUTORELEASING = YES;
				CLANG_WARN_BOOL_CONVERSION = YES;
				CLANG_WARN_COMMA = YES;
				CLANG_WARN_CONSTANT_CONVERSION = YES;
				CLANG_WARN_DEPRECATED_OBJC_IMPLEMENTATIONS = YES;
				CLANG_WARN_DIRECT_OBJC_ISA_USAGE = YES_ERROR;
				CLANG_WARN_DOCUMENTATION_COMMENTS = YES;
				CLANG_WARN_EMPTY_BODY = YES;
				CLANG_WARN_ENUM_CONVERSION = YES;
				CLANG_WARN_INFINITE_RECURSION = YES;
				CLANG_WARN_INT_CONVERSION = YES;
				CLANG_WARN_NON_LITERAL_NULL_CONVERSION = YES;
				CLANG_WARN_OBJC_IMPLICIT_RETAIN_SELF = YES;
				CLANG_WARN_OBJC_LITERAL_CONVERSION = YES;
				CLANG_WARN_OBJC_ROOT_CLASS = YES_ERROR;
				CLANG_WARN_RANGE_LOOP_ANALYSIS = YES;
				CLANG_WARN_STRICT_PROTOTYPES = YES;
				CLANG_WARN_SUSPICIOUS_MOVE = YES;
				CLANG_WARN_UNGUARDED_AVAILABILITY = YES_AGGRESSIVE;
				CLANG_WARN_UNREACHABLE_CODE = YES;
				CLANG_WARN__DUPLICATE_METHOD_MATCH = YES;
				CODE_SIGN_IDENTITY = "iPhone Developer";
				COPY_PHASE_STRIP = NO;
				DEBUG_INFORMATION_FORMAT = "dwarf-with-dsym";
				ENABLE_NS_ASSERTIONS = NO;
				ENABLE_STRICT_OBJC_MSGSEND = YES;
				GCC_C_LANGUAGE_STANDARD = gnu11;
				GCC_NO_COMMON_BLOCKS = YES;
				GCC_WARN_64_TO_32_BIT_CONVERSION = YES;
				GCC_WARN_ABOUT_RETURN_TYPE = YES_ERROR;
				GCC_WARN_UNDECLARED_SELECTOR = YES;
				GCC_WARN_UNINITIALIZED_AUTOS = YES_AGGRESSIVE;
				GCC_WARN_UNUSED_FUNCTION = YES;
				GCC_WARN_UNUSED_VARIABLE = YES;
				IPHONEOS_DEPLOYMENT_TARGET = 12.2;
				MTL_ENABLE_DEBUG_INFO = NO;
				MTL_FAST_MATH = YES;
				SDKROOT = iphoneos;
				SWIFT_COMPILATION_MODE = wholemodule;
				SWIFT_OPTIMIZATION_LEVEL = "-O";
				VALIDATE_PRODUCT = YES;
			};
			name = Release;
		};
		5BBA58EB22B8731700F1A743 /* Debug */ = {
			isa = XCBuildConfiguration;
			buildSettings = {
				ASSETCATALOG_COMPILER_APPICON_NAME = AppIcon;
				CODE_SIGN_STYLE = Automatic;
				DEVELOPMENT_TEAM = 5QVLF6CCVM;
				INFOPLIST_FILE = CardWallet/Info.plist;
				LD_RUNPATH_SEARCH_PATHS = (
					"$(inherited)",
					"@executable_path/Frameworks",
				);
				PRODUCT_BUNDLE_IDENTIFIER = com.huangrui.CardWallet;
				PRODUCT_NAME = "$(TARGET_NAME)";
				SWIFT_VERSION = 5.0;
				TARGETED_DEVICE_FAMILY = "1,2";
			};
			name = Debug;
		};
		5BBA58EC22B8731700F1A743 /* Release */ = {
			isa = XCBuildConfiguration;
			buildSettings = {
				ASSETCATALOG_COMPILER_APPICON_NAME = AppIcon;
				CODE_SIGN_STYLE = Automatic;
				DEVELOPMENT_TEAM = 5QVLF6CCVM;
				INFOPLIST_FILE = CardWallet/Info.plist;
				LD_RUNPATH_SEARCH_PATHS = (
					"$(inherited)",
					"@executable_path/Frameworks",
				);
				PRODUCT_BUNDLE_IDENTIFIER = com.huangrui.CardWallet;
				PRODUCT_NAME = "$(TARGET_NAME)";
				SWIFT_VERSION = 5.0;
				TARGETED_DEVICE_FAMILY = "1,2";
			};
			name = Release;
		};
		5BBA58EE22B8731700F1A743 /* Debug */ = {
			isa = XCBuildConfiguration;
			buildSettings = {
				ALWAYS_EMBED_SWIFT_STANDARD_LIBRARIES = YES;
				BUNDLE_LOADER = "$(TEST_HOST)";
				CODE_SIGN_STYLE = Automatic;
				DEVELOPMENT_TEAM = 5QVLF6CCVM;
				INFOPLIST_FILE = CardWalletTests/Info.plist;
				LD_RUNPATH_SEARCH_PATHS = (
					"$(inherited)",
					"@executable_path/Frameworks",
					"@loader_path/Frameworks",
				);
				PRODUCT_BUNDLE_IDENTIFIER = com.huangrui.CardWalletTests;
				PRODUCT_NAME = "$(TARGET_NAME)";
				SWIFT_VERSION = 5.0;
				TARGETED_DEVICE_FAMILY = "1,2";
				TEST_HOST = "$(BUILT_PRODUCTS_DIR)/CardWallet.app/CardWallet";
			};
			name = Debug;
		};
		5BBA58EF22B8731700F1A743 /* Release */ = {
			isa = XCBuildConfiguration;
			buildSettings = {
				ALWAYS_EMBED_SWIFT_STANDARD_LIBRARIES = YES;
				BUNDLE_LOADER = "$(TEST_HOST)";
				CODE_SIGN_STYLE = Automatic;
				DEVELOPMENT_TEAM = 5QVLF6CCVM;
				INFOPLIST_FILE = CardWalletTests/Info.plist;
				LD_RUNPATH_SEARCH_PATHS = (
					"$(inherited)",
					"@executable_path/Frameworks",
					"@loader_path/Frameworks",
				);
				PRODUCT_BUNDLE_IDENTIFIER = com.huangrui.CardWalletTests;
				PRODUCT_NAME = "$(TARGET_NAME)";
				SWIFT_VERSION = 5.0;
				TARGETED_DEVICE_FAMILY = "1,2";
				TEST_HOST = "$(BUILT_PRODUCTS_DIR)/CardWallet.app/CardWallet";
			};
			name = Release;
		};
		5BBA58F122B8731700F1A743 /* Debug */ = {
			isa = XCBuildConfiguration;
			buildSettings = {
				ALWAYS_EMBED_SWIFT_STANDARD_LIBRARIES = YES;
				CODE_SIGN_STYLE = Automatic;
				DEVELOPMENT_TEAM = 5QVLF6CCVM;
				INFOPLIST_FILE = CardWalletUITests/Info.plist;
				LD_RUNPATH_SEARCH_PATHS = (
					"$(inherited)",
					"@executable_path/Frameworks",
					"@loader_path/Frameworks",
				);
				PRODUCT_BUNDLE_IDENTIFIER = com.huangrui.CardWalletUITests;
				PRODUCT_NAME = "$(TARGET_NAME)";
				SWIFT_VERSION = 5.0;
				TARGETED_DEVICE_FAMILY = "1,2";
				TEST_TARGET_NAME = CardWallet;
			};
			name = Debug;
		};
		5BBA58F222B8731700F1A743 /* Release */ = {
			isa = XCBuildConfiguration;
			buildSettings = {
				ALWAYS_EMBED_SWIFT_STANDARD_LIBRARIES = YES;
				CODE_SIGN_STYLE = Automatic;
				DEVELOPMENT_TEAM = 5QVLF6CCVM;
				INFOPLIST_FILE = CardWalletUITests/Info.plist;
				LD_RUNPATH_SEARCH_PATHS = (
					"$(inherited)",
					"@executable_path/Frameworks",
					"@loader_path/Frameworks",
				);
				PRODUCT_BUNDLE_IDENTIFIER = com.huangrui.CardWalletUITests;
				PRODUCT_NAME = "$(TARGET_NAME)";
				SWIFT_VERSION = 5.0;
				TARGETED_DEVICE_FAMILY = "1,2";
				TEST_TARGET_NAME = CardWallet;
			};
			name = Release;
		};
/* End XCBuildConfiguration section */

/* Begin XCConfigurationList section */
		5BBA58BA22B8731500F1A743 /* Build configuration list for PBXProject "CardWallet" */ = {
			isa = XCConfigurationList;
			buildConfigurations = (
				5BBA58E822B8731700F1A743 /* Debug */,
				5BBA58E922B8731700F1A743 /* Release */,
			);
			defaultConfigurationIsVisible = 0;
			defaultConfigurationName = Release;
		};
		5BBA58EA22B8731700F1A743 /* Build configuration list for PBXNativeTarget "CardWallet" */ = {
			isa = XCConfigurationList;
			buildConfigurations = (
				5BBA58EB22B8731700F1A743 /* Debug */,
				5BBA58EC22B8731700F1A743 /* Release */,
			);
			defaultConfigurationIsVisible = 0;
			defaultConfigurationName = Release;
		};
		5BBA58ED22B8731700F1A743 /* Build configuration list for PBXNativeTarget "CardWalletTests" */ = {
			isa = XCConfigurationList;
			buildConfigurations = (
				5BBA58EE22B8731700F1A743 /* Debug */,
				5BBA58EF22B8731700F1A743 /* Release */,
			);
			defaultConfigurationIsVisible = 0;
			defaultConfigurationName = Release;
		};
		5BBA58F022B8731700F1A743 /* Build configuration list for PBXNativeTarget "CardWalletUITests" */ = {
			isa = XCConfigurationList;
			buildConfigurations = (
				5BBA58F122B8731700F1A743 /* Debug */,
				5BBA58F222B8731700F1A743 /* Release */,
			);
			defaultConfigurationIsVisible = 0;
			defaultConfigurationName = Release;
		};
/* End XCConfigurationList section */

/* Begin XCVersionGroup section */
		5BBA58C922B8731500F1A743 /* CardWallet.xcdatamodeld */ = {
			isa = XCVersionGroup;
			children = (
				5BBA58CA22B8731500F1A743 /* CardWallet.xcdatamodel */,
			);
			currentVersion = 5BBA58CA22B8731500F1A743 /* CardWallet.xcdatamodel */;
			path = CardWallet.xcdatamodeld;
			sourceTree = "<group>";
			versionGroupType = wrapper.xcdatamodel;
		};
/* End XCVersionGroup section */
	};
	rootObject = 5BBA58B722B8731500F1A743 /* Project object */;
}
